
Microsoft Visual Studio Solution File, Format Version 12.00
# Visual Studio 15
VisualStudioVersion = 15.0.26730.12
MinimumVisualStudioVersion = 10.0.40219.1
Project("{FAE04EC0-301F-11D3-BF4B-00C04F79EFBC}") = "treasureHuntHelper", "TreasureHuntHelper\treasureHuntHelper.csproj", "{D9688FD7-8829-4ACE-B38A-C97F2636AEBD}"
EndProject
Global
	GlobalSection(SolutionConfigurationPlatforms) = preSolution
		Debug|Any CPU = Debug|Any CPU
		Debug|ARM = Debug|ARM
		Debug|x64 = Debug|x64
		Debug|x86 = Debug|x86
		Release|Any CPU = Release|Any CPU
		Release|ARM = Release|ARM
		Release|x64 = Release|x64
		Release|x86 = Release|x86
	EndGlobalSection
	GlobalSection(ProjectConfigurationPlatforms) = postSolution
		{D9688FD7-8829-4ACE-B38A-C97F2636AEBD}.Debug|Any CPU.ActiveCfg = Debug|Any CPU
		{D9688FD7-8829-4ACE-B38A-C97F2636AEBD}.Debug|Any CPU.Build.0 = Debug|Any CPU
		{D9688FD7-8829-4ACE-B38A-C97F2636AEBD}.Debug|ARM.ActiveCfg = Debug|Any CPU
		{D9688FD7-8829-4ACE-B38A-C97F2636AEBD}.Debug|ARM.Build.0 = Debug|Any CPU
		{D9688FD7-8829-4ACE-B38A-C97F2636AEBD}.Debug|x64.ActiveCfg = Debug|Any CPU
		{D9688FD7-8829-4ACE-B38A-C97F2636AEBD}.Debug|x64.Build.0 = Debug|Any CPU
		{D9688FD7-8829-4ACE-B38A-C97F2636AEBD}.Debug|x86.ActiveCfg = Debug|Any CPU
		{D9688FD7-8829-4ACE-B38A-C97F2636AEBD}.Debug|x86.Build.0 = Debug|Any CPU
		{D9688FD7-8829-4ACE-B38A-C97F2636AEBD}.Release|Any CPU.ActiveCfg = Release|Any CPU
		{D9688FD7-8829-4ACE-B38A-C97F2636AEBD}.Release|Any CPU.Build.0 = Release|Any CPU
		{D9688FD7-8829-4ACE-B38A-C97F2636AEBD}.Release|ARM.ActiveCfg = Release|Any CPU
		{D9688FD7-8829-4ACE-B38A-C97F2636AEBD}.Release|ARM.Build.0 = Release|Any CPU
		{D9688FD7-8829-4ACE-B38A-C97F2636AEBD}.Release|x64.ActiveCfg = Release|Any CPU
		{D9688FD7-8829-4ACE-B38A-C97F2636AEBD}.Release|x64.Build.0 = Release|Any CPU
		{D9688FD7-8829-4ACE-B38A-C97F2636AEBD}.Release|x86.ActiveCfg = Release|Any CPU
		{D9688FD7-8829-4ACE-B38A-C97F2636AEBD}.Release|x86.Build.0 = Release|Any CPU
	EndGlobalSection
	GlobalSection(SolutionProperties) = preSolution
		HideSolutionNode = FALSE
	EndGlobalSection
	GlobalSection(ExtensibilityGlobals) = postSolution
		SolutionGuid = {D54A1718-4723-4B21-9F9E-0C790DA55BC1}
	EndGlobalSection
EndGlobal
